
Microsoft Visual Studio Solution File, Format Version 12.00
# Visual Studio Version 17
VisualStudioVersion = 17.10.35027.167
MinimumVisualStudioVersion = 10.0.40219.1
Project("{54A90642-561A-4BB1-A94E-469ADEE60C69}") = "task-manager-frontend", "task-manager-frontend\task-manager-frontend.esproj", "{3375D102-A622-45AD-984B-AE56F2F8EA39}"
EndProject
Global
	GlobalSection(SolutionConfigurationPlatforms) = preSolution
		Debug|Any CPU = Debug|Any CPU
		Release|Any CPU = Release|Any CPU
	EndGlobalSection
	GlobalSection(ProjectConfigurationPlatforms) = postSolution
		{3375D102-A622-45AD-984B-AE56F2F8EA39}.Debug|Any CPU.ActiveCfg = Debug|Any CPU
		{3375D102-A622-45AD-984B-AE56F2F8EA39}.Debug|Any CPU.Build.0 = Debug|Any CPU
		{3375D102-A622-45AD-984B-AE56F2F8EA39}.Debug|Any CPU.Deploy.0 = Debug|Any CPU
		{3375D102-A622-45AD-984B-AE56F2F8EA39}.Release|Any CPU.ActiveCfg = Release|Any CPU
		{3375D102-A622-45AD-984B-AE56F2F8EA39}.Release|Any CPU.Build.0 = Release|Any CPU
		{3375D102-A622-45AD-984B-AE56F2F8EA39}.Release|Any CPU.Deploy.0 = Release|Any CPU
	EndGlobalSection
	GlobalSection(SolutionProperties) = preSolution
		HideSolutionNode = FALSE
	EndGlobalSection
	GlobalSection(ExtensibilityGlobals) = postSolution
		SolutionGuid = {8113AB10-CA92-4575-80DA-5A1D1826C650}
	EndGlobalSection
EndGlobal
